<?xml version="1.0" encoding="utf-8"?>
<Project ToolsVersion="4.0" xmlns="http://schemas.microsoft.com/developer/msbuild/2003">
  <ItemGroup>
    <Filter Include="Header Files">
      <UniqueIdentifier>{dbdebd79-290c-4d58-9bbe-1109d7fec3cd}</UniqueIdentifier>
      <Extensions>.cuh;h;hpp;hxx;hm;inl;inc;xsd</Extensions>
    </Filter>
    <Filter Include="Source Files">
      <UniqueIdentifier>{bc5359d0-77ae-43de-aad6-3c7d59990197}</UniqueIdentifier>
      <Extensions>cu;cpp;c;cc;cxx;def;odl;idl;hpj;bat;asm;asmx;</Extensions>
    </Filter>
  </ItemGroup>
  <ItemGroup>
    <ClCompile Include="main.cpp">
      <Filter>Source Files</Filter>
    </ClCompile>
    <ClCompile Include="ImagesTiff.cpp">
      <Filter>Source Files</Filter>
    </ClCompile>
    <ClCompile Include="Utility.cpp">
      <Filter>Source Files</Filter>
    </ClCompile>
  </ItemGroup>
  <ItemGroup>
    <ClInclude Include="ImagesTiff.h">
      <Filter>Header Files</Filter>
    </ClInclude>
    <ClInclude Include="main.h">
      <Filter>Header Files</Filter>
    </ClInclude>
    <ClInclude Include="Utility.h">
      <Filter>Header Files</Filter>
    </ClInclude>
    <ClInclude Include="..\..\CudaKernalsLib\src\c\Common\Defines.h">
      <Filter>Header Files</Filter>
    </ClInclude>
    <ClInclude Include="..\..\CudaKernalsLib\src\c\Common\Vec.h">
      <Filter>Header Files</Filter>
    </ClInclude>
    <ClInclude Include="..\..\CudaKernalsLib\src\c\Common\VecFuncs.h">
      <Filter>Header Files</Filter>
    </ClInclude>
  </ItemGroup>
  <ItemGroup>
    <None Include="..\..\CudaKernalsLib\src\c\Common\CudaImageBuffer.cuh">
      <Filter>Header Files</Filter>
    </None>
    <None Include="..\..\CudaKernalsLib\src\c\Common\CudaKernals.cuh">
      <Filter>Header Files</Filter>
    </None>
    <None Include="..\..\CudaKernalsLib\src\c\Common\CudaUtilities.cuh">
      <Filter>Header Files</Filter>
    </None>
    <None Include="PreProcessImages.cuh">
      <Filter>Header Files</Filter>
    </None>
  </ItemGroup>
  <ItemGroup>
    <CudaCompile Include="PreProcessImages.cu">
      <Filter>Source Files</Filter>
    </CudaCompile>
  </ItemGroup>
</Project>